
Microsoft Visual Studio Solution File, Format Version 12.00
# Visual Studio Version 17
VisualStudioVersion = 17.7.34031.279
MinimumVisualStudioVersion = 10.0.40219.1
Project("{FAE04EC0-301F-11D3-BF4B-00C04F79EFBC}") = "application-udemy", "application-udemy\application-udemy.csproj", "{85F6626E-9AD3-4B86-B5B1-E89C0A64C148}"
EndProject
Global
	GlobalSection(SolutionConfigurationPlatforms) = preSolution
		Debug|Any CPU = Debug|Any CPU
		Release|Any CPU = Release|Any CPU
	EndGlobalSection
	GlobalSection(ProjectConfigurationPlatforms) = postSolution
		{85F6626E-9AD3-4B86-B5B1-E89C0A64C148}.Debug|Any CPU.ActiveCfg = Debug|Any CPU
		{85F6626E-9AD3-4B86-B5B1-E89C0A64C148}.Debug|Any CPU.Build.0 = Debug|Any CPU
		{85F6626E-9AD3-4B86-B5B1-E89C0A64C148}.Release|Any CPU.ActiveCfg = Release|Any CPU
		{85F6626E-9AD3-4B86-B5B1-E89C0A64C148}.Release|Any CPU.Build.0 = Release|Any CPU
	EndGlobalSection
	GlobalSection(SolutionProperties) = preSolution
		HideSolutionNode = FALSE
	EndGlobalSection
	GlobalSection(ExtensibilityGlobals) = postSolution
		SolutionGuid = {3341942F-97F8-48BB-AFA5-B204DE4EA551}
	EndGlobalSection
EndGlobal
